<Solution>
  <Folder Name="/src/">
    <Project Path="OrderFlow.API/OrderFlow.API.csproj" />
    <Project Path="OrderFlow.Application/OrderFlow.Application.csproj" />
    <Project Path="OrderFlow.Domain/OrderFlow.Domain.csproj" />
    <Project Path="OrderFlow.Infrastructure/OrderFlow.Infrastructure.csproj" />
  </Folder>
</Solution>
